
Microsoft Visual Studio Solution File, Format Version 12.00
# Visual Studio Version 16
VisualStudioVersion = 16.0.31729.503
MinimumVisualStudioVersion = 10.0.40219.1
Project("{FAE04EC0-301F-11D3-BF4B-00C04F79EFBC}") = "Production", "Production\Production.csproj", "{CAAA5C37-A628-4C4B-8D56-064C46C3B0E4}"
EndProject
Global
	GlobalSection(SolutionConfigurationPlatforms) = preSolution
		Debug|Any CPU = Debug|Any CPU
		Release|Any CPU = Release|Any CPU
	EndGlobalSection
	GlobalSection(ProjectConfigurationPlatforms) = postSolution
		{CAAA5C37-A628-4C4B-8D56-064C46C3B0E4}.Debug|Any CPU.ActiveCfg = Debug|Any CPU
		{CAAA5C37-A628-4C4B-8D56-064C46C3B0E4}.Debug|Any CPU.Build.0 = Debug|Any CPU
		{CAAA5C37-A628-4C4B-8D56-064C46C3B0E4}.Release|Any CPU.ActiveCfg = Release|Any CPU
		{CAAA5C37-A628-4C4B-8D56-064C46C3B0E4}.Release|Any CPU.Build.0 = Release|Any CPU
	EndGlobalSection
	GlobalSection(SolutionProperties) = preSolution
		HideSolutionNode = FALSE
	EndGlobalSection
	GlobalSection(ExtensibilityGlobals) = postSolution
		SolutionGuid = {4B033E17-EED1-4346-8E8A-62D619A8D533}
	EndGlobalSection
EndGlobal
